PODS:
  - podcore (1.0.0)
  - Reachability (3.2)

DEPENDENCIES:
  - podcore (from `https://github.com/raisaanjani92/podcore.git`)
  - Reachability (from `https://github.com/tonymillion/Reachability.git`)

EXTERNAL SOURCES:
  podcore:
    :git: https://github.com/raisaanjani92/podcore.git
  Reachability:
    :git: https://github.com/tonymillion/Reachability.git

SPEC CHECKSUMS:
  podcore: 3ee28a49c733061f25629cefb1cdd60385b18104
  Reachability: 9f5866d32d7b93a79ef40e8cef5f30db9c595f8a

COCOAPODS: 0.34.4
