// !$*UTF8*$!
{
	archiveVersion = 1;
	classes = {
	};
	objectVersion = 46;
	objects = {

/* Begin PBXBuildFile section */
		B2C0AFF81AAD9B2E00C86758 /* main.m in Sources */ = {isa = PBXBuildFile; fileRef = B2C0AFF71AAD9B2E00C86758 /* main.m */; };
		B2C0AFFB1AAD9B2E00C86758 /* AppDelegate.m in Sources */ = {isa = PBXBuildFile; fileRef = B2C0AFFA1AAD9B2E00C86758 /* AppDelegate.m */; };
		B2C0AFFE1AAD9B2E00C86758 /* ViewController.m in Sources */ = {isa = PBXBuildFile; fileRef = B2C0AFFD1AAD9B2E00C86758 /* ViewController.m */; };
		B2C0B0011AAD9B2E00C86758 /* Main.storyboard in Resources */ = {isa = PBXBuildFile; fileRef = B2C0AFFF1AAD9B2E00C86758 /* Main.storyboard */; };
		B2C0B0031AAD9B2E00C86758 /* Images.xcassets in Resources */ = {isa = PBXBuildFile; fileRef = B2C0B0021AAD9B2E00C86758 /* Images.xcassets */; };
		B2C0B0061AAD9B2E00C86758 /* LaunchScreen.xib in Resources */ = {isa = PBXBuildFile; fileRef = B2C0B0041AAD9B2E00C86758 /* LaunchScreen.xib */; };
		B2C0B0121AAD9B2E00C86758 /* pod_appTests.m in Sources */ = {isa = PBXBuildFile; fileRef = B2C0B0111AAD9B2E00C86758 /* pod_appTests.m */; };
/* End PBXBuildFile section */

/* Begin PBXContainerItemProxy section */
		B2C0B00C1AAD9B2E00C86758 /* PBXContainerItemProxy */ = {
			isa = PBXContainerItemProxy;
			containerPortal = B2C0AFEA1AAD9B2E00C86758 /* Project object */;
			proxyType = 1;
			remoteGlobalIDString = B2C0AFF11AAD9B2E00C86758;
			remoteInfo = "pod-app";
		};
/* End PBXContainerItemProxy section */

/* Begin PBXFileReference section */
		B2C0AFF21AAD9B2E00C86758 /* pod-app.app */ = {isa = PBXFileReference; explicitFileType = wrapper.application; includeInIndex = 0; path = "pod-app.app"; sourceTree = BUILT_PRODUCTS_DIR; };
		B2C0AFF61AAD9B2E00C86758 /* Info.plist */ = {isa = PBXFileReference; lastKnownFileType = text.plist.xml; path = Info.plist; sourceTree = "<group>"; };
		B2C0AFF71AAD9B2E00C86758 /* main.m */ = {isa = PBXFileReference; lastKnownFileType = sourcecode.c.objc; path = main.m; sourceTree = "<group>"; };
		B2C0AFF91AAD9B2E00C86758 /* AppDelegate.h */ = {isa = PBXFileReference; lastKnownFileType = sourcecode.c.h; path = AppDelegate.h; sourceTree = "<group>"; };
		B2C0AFFA1AAD9B2E00C86758 /* AppDelegate.m */ = {isa = PBXFileReference; lastKnownFileType = sourcecode.c.objc; path = AppDelegate.m; sourceTree = "<group>"; };
		B2C0AFFC1AAD9B2E00C86758 /* ViewController.h */ = {isa = PBXFileReference; lastKnownFileType = sourcecode.c.h; path = ViewController.h; sourceTree = "<group>"; };
		B2C0AFFD1AAD9B2E00C86758 /* ViewController.m */ = {isa = PBXFileReference; lastKnownFileType = sourcecode.c.objc; path = ViewController.m; sourceTree = "<group>"; };
		B2C0B0001AAD9B2E00C86758 /* Base */ = {isa = PBXFileReference; lastKnownFileType = file.storyboard; name = Base; path = Base.lproj/Main.storyboard; sourceTree = "<group>"; };
		B2C0B0021AAD9B2E00C86758 /* Images.xcassets */ = {isa = PBXFileReference; lastKnownFileType = folder.assetcatalog; path = Images.xcassets; sourceTree = "<group>"; };
		B2C0B0051AAD9B2E00C86758 /* Base */ = {isa = PBXFileReference; lastKnownFileType = file.xib; name = Base; path = Base.lproj/LaunchScreen.xib; sourceTree = "<group>"; };
		B2C0B00B1AAD9B2E00C86758 /* pod-appTests.xctest */ = {isa = PBXFileReference; explicitFileType = wrapper.cfbundle; includeInIndex = 0; path = "pod-appTests.xctest"; sourceTree = BUILT_PRODUCTS_DIR; };
		B2C0B0101AAD9B2E00C86758 /* Info.plist */ = {isa = PBXFileReference; lastKnownFileType = text.plist.xml; path = Info.plist; sourceTree = "<group>"; };
		B2C0B0111AAD9B2E00C86758 /* pod_appTests.m */ = {isa = PBXFileReference; lastKnownFileType = sourcecode.c.objc; path = pod_appTests.m; sourceTree = "<group>"; };
/* End PBXFileReference section */

/* Begin PBXFrameworksBuildPhase section */
		B2C0AFEF1AAD9B2E00C86758 /* Frameworks */ = {
			isa = PBXFrameworksBuildPhase;
			buildActionMask = 2147483647;
			files = (
			);
			runOnlyForDeploymentPostprocessing = 0;
		};
		B2C0B0081AAD9B2E00C86758 /* Frameworks */ = {
			isa = PBXFrameworksBuildPhase;
			buildActionMask = 2147483647;
			files = (
			);
			runOnlyForDeploymentPostprocessing = 0;
		};
/* End PBXFrameworksBuildPhase section */

/* Begin PBXGroup section */
		B2C0AFE91AAD9B2E00C86758 = {
			isa = PBXGroup;
			children = (
				B2C0AFF41AAD9B2E00C86758 /* pod-app */,
				B2C0B00E1AAD9B2E00C86758 /* pod-appTests */,
				B2C0AFF31AAD9B2E00C86758 /* Products */,
			);
			sourceTree = "<group>";
		};
		B2C0AFF31AAD9B2E00C86758 /* Products */ = {
			isa = PBXGroup;
			children = (
				B2C0AFF21AAD9B2E00C86758 /* pod-app.app */,
				B2C0B00B1AAD9B2E00C86758 /* pod-appTests.xctest */,
			);
			name = Products;
			sourceTree = "<group>";
		};
		B2C0AFF41AAD9B2E00C86758 /* pod-app */ = {
			isa = PBXGroup;
			children = (
				B2C0AFF91AAD9B2E00C86758 /* AppDelegate.h */,
				B2C0AFFA1AAD9B2E00C86758 /* AppDelegate.m */,
				B2C0AFFC1AAD9B2E00C86758 /* ViewController.h */,
				B2C0AFFD1AAD9B2E00C86758 /* ViewController.m */,
				B2C0AFFF1AAD9B2E00C86758 /* Main.storyboard */,
				B2C0B0021AAD9B2E00C86758 /* Images.xcassets */,
				B2C0B0041AAD9B2E00C86758 /* LaunchScreen.xib */,
				B2C0AFF51AAD9B2E00C86758 /* Supporting Files */,
			);
			path = "pod-app";
			sourceTree = "<group>";
		};
		B2C0AFF51AAD9B2E00C86758 /* Supporting Files */ = {
			isa = PBXGroup;
			children = (
				B2C0AFF61AAD9B2E00C86758 /* Info.plist */,
				B2C0AFF71AAD9B2E00C86758 /* main.m */,
			);
			name = "Supporting Files";
			sourceTree = "<group>";
		};
		B2C0B00E1AAD9B2E00C86758 /* pod-appTests */ = {
			isa = PBXGroup;
			children = (
				B2C0B0111AAD9B2E00C86758 /* pod_appTests.m */,
				B2C0B00F1AAD9B2E00C86758 /* Supporting Files */,
			);
			path = "pod-appTests";
			sourceTree = "<group>";
		};
		B2C0B00F1AAD9B2E00C86758 /* Supporting Files */ = {
			isa = PBXGroup;
			children = (
				B2C0B0101AAD9B2E00C86758 /* Info.plist */,
			);
			name = "Supporting Files";
			sourceTree = "<group>";
		};
/* End PBXGroup section */

/* Begin PBXNativeTarget section */
		B2C0AFF11AAD9B2E00C86758 /* pod-app */ = {
			isa = PBXNativeTarget;
			buildConfigurationList = B2C0B0151AAD9B2E00C86758 /* Build configuration list for PBXNativeTarget "pod-app" */;
			buildPhases = (
				B2C0AFEE1AAD9B2E00C86758 /* Sources */,
				B2C0AFEF1AAD9B2E00C86758 /* Frameworks */,
				B2C0AFF01AAD9B2E00C86758 /* Resources */,
			);
			buildRules = (
			);
			dependencies = (
			);
			name = "pod-app";
			productName = "pod-app";
			productReference = B2C0AFF21AAD9B2E00C86758 /* pod-app.app */;
			productType = "com.apple.product-type.application";
		};
		B2C0B00A1AAD9B2E00C86758 /* pod-appTests */ = {
			isa = PBXNativeTarget;
			buildConfigurationList = B2C0B0181AAD9B2E00C86758 /* Build configuration list for PBXNativeTarget "pod-appTests" */;
			buildPhases = (
				B2C0B0071AAD9B2E00C86758 /* Sources */,
				B2C0B0081AAD9B2E00C86758 /* Frameworks */,
				B2C0B0091AAD9B2E00C86758 /* Resources */,
			);
			buildRules = (
			);
			dependencies = (
				B2C0B00D1AAD9B2E00C86758 /* PBXTargetDependency */,
			);
			name = "pod-appTests";
			productName = "pod-appTests";
			productReference = B2C0B00B1AAD9B2E00C86758 /* pod-appTests.xctest */;
			productType = "com.apple.product-type.bundle.unit-test";
		};
/* End PBXNativeTarget section */

/* Begin PBXProject section */
		B2C0AFEA1AAD9B2E00C86758 /* Project object */ = {
			isa = PBXProject;
			attributes = {
				LastUpgradeCheck = 0610;
				ORGANIZATIONNAME = gdp.labs;
				TargetAttributes = {
					B2C0AFF11AAD9B2E00C86758 = {
						CreatedOnToolsVersion = 6.1.1;
					};
					B2C0B00A1AAD9B2E00C86758 = {
						CreatedOnToolsVersion = 6.1.1;
						TestTargetID = B2C0AFF11AAD9B2E00C86758;
					};
				};
			};
			buildConfigurationList = B2C0AFED1AAD9B2E00C86758 /* Build configuration list for PBXProject "pod-app" */;
			compatibilityVersion = "Xcode 3.2";
			developmentRegion = English;
			hasScannedForEncodings = 0;
			knownRegions = (
				en,
				Base,
			);
			mainGroup = B2C0AFE91AAD9B2E00C86758;
			productRefGroup = B2C0AFF31AAD9B2E00C86758 /* Products */;
			projectDirPath = "";
			projectRoot = "";
			targets = (
				B2C0AFF11AAD9B2E00C86758 /* pod-app */,
				B2C0B00A1AAD9B2E00C86758 /* pod-appTests */,
			);
		};
/* End PBXProject section */

/* Begin PBXResourcesBuildPhase section */
		B2C0AFF01AAD9B2E00C86758 /* Resources */ = {
			isa = PBXResourcesBuildPhase;
			buildActionMask = 2147483647;
			files = (
				B2C0B0011AAD9B2E00C86758 /* Main.storyboard in Resources */,
				B2C0B0061AAD9B2E00C86758 /* LaunchScreen.xib in Resources */,
				B2C0B0031AAD9B2E00C86758 /* Images.xcassets in Resources */,
			);
			runOnlyForDeploymentPostprocessing = 0;
		};
		B2C0B0091AAD9B2E00C86758 /* Resources */ = {
			isa = PBXResourcesBuildPhase;
			buildActionMask = 2147483647;
			files = (
			);
			runOnlyForDeploymentPostprocessing = 0;
		};
/* End PBXResourcesBuildPhase section */

/* Begin PBXSourcesBuildPhase section */
		B2C0AFEE1AAD9B2E00C86758 /* Sources */ = {
			isa = PBXSourcesBuildPhase;
			buildActionMask = 2147483647;
			files = (
				B2C0AFFE1AAD9B2E00C86758 /* ViewController.m in Sources */,
				B2C0AFFB1AAD9B2E00C86758 /* AppDelegate.m in Sources */,
				B2C0AFF81AAD9B2E00C86758 /* main.m in Sources */,
			);
			runOnlyForDeploymentPostprocessing = 0;
		};
		B2C0B0071AAD9B2E00C86758 /* Sources */ = {
			isa = PBXSourcesBuildPhase;
			buildActionMask = 2147483647;
			files = (
				B2C0B0121AAD9B2E00C86758 /* pod_appTests.m in Sources */,
			);
			runOnlyForDeploymentPostprocessing = 0;
		};
/* End PBXSourcesBuildPhase section */

/* Begin PBXTargetDependency section */
		B2C0B00D1AAD9B2E00C86758 /* PBXTargetDependency */ = {
			isa = PBXTargetDependency;
			target = B2C0AFF11AAD9B2E00C86758 /* pod-app */;
			targetProxy = B2C0B00C1AAD9B2E00C86758 /* PBXContainerItemProxy */;
		};
/* End PBXTargetDependency section */

/* Begin PBXVariantGroup section */
		B2C0AFFF1AAD9B2E00C86758 /* Main.storyboard */ = {
			isa = PBXVariantGroup;
			children = (
				B2C0B0001AAD9B2E00C86758 /* Base */,
			);
			name = Main.storyboard;
			sourceTree = "<group>";
		};
		B2C0B0041AAD9B2E00C86758 /* LaunchScreen.xib */ = {
			isa = PBXVariantGroup;
			children = (
				B2C0B0051AAD9B2E00C86758 /* Base */,
			);
			name = LaunchScreen.xib;
			sourceTree = "<group>";
		};
/* End PBXVariantGroup section */

/* Begin XCBuildConfiguration section */
		B2C0B0131AAD9B2E00C86758 /* Debug */ = {
			isa = XCBuildConfiguration;
			buildSettings = {
				ALWAYS_SEARCH_USER_PATHS = NO;
				CLANG_CXX_LANGUAGE_STANDARD = "gnu++0x";
				CLANG_CXX_LIBRARY = "libc++";
				CLANG_ENABLE_MODULES = YES;
				CLANG_ENABLE_OBJC_ARC = YES;
				CLANG_WARN_BOOL_CONVERSION = YES;
				CLANG_WARN_CONSTANT_CONVERSION = YES;
				CLANG_WARN_DIRECT_OBJC_ISA_USAGE = YES_ERROR;
				CLANG_WARN_EMPTY_BODY = YES;
				CLANG_WARN_ENUM_CONVERSION = YES;
				CLANG_WARN_INT_CONVERSION = YES;
				CLANG_WARN_OBJC_ROOT_CLASS = YES_ERROR;
				CLANG_WARN_UNREACHABLE_CODE = YES;
				CLANG_WARN__DUPLICATE_METHOD_MATCH = YES;
				"CODE_SIGN_IDENTITY[sdk=iphoneos*]" = "iPhone Developer";
				COPY_PHASE_STRIP = NO;
				ENABLE_STRICT_OBJC_MSGSEND = YES;
				GCC_C_LANGUAGE_STANDARD = gnu99;
				GCC_DYNAMIC_NO_PIC = NO;
				GCC_OPTIMIZATION_LEVEL = 0;
				GCC_PREPROCESSOR_DEFINITIONS = (
					"DEBUG=1",
					"$(inherited)",
				);
				GCC_SYMBOLS_PRIVATE_EXTERN = NO;
				GCC_WARN_64_TO_32_BIT_CONVERSION = YES;
				GCC_WARN_ABOUT_RETURN_TYPE = YES_ERROR;
				GCC_WARN_UNDECLARED_SELECTOR = YES;
				GCC_WARN_UNINITIALIZED_AUTOS = YES_AGGRESSIVE;
				GCC_WARN_UNUSED_FUNCTION = YES;
				GCC_WARN_UNUSED_VARIABLE = YES;
				IPHONEOS_DEPLOYMENT_TARGET = 8.1;
				MTL_ENABLE_DEBUG_INFO = YES;
				ONLY_ACTIVE_ARCH = YES;
				SDKROOT = iphoneos;
				TARGETED_DEVICE_FAMILY = "1,2";
			};
			name = Debug;
		};
		B2C0B0141AAD9B2E00C86758 /* Release */ = {
			isa = XCBuildConfiguration;
			buildSettings = {
				ALWAYS_SEARCH_USER_PATHS = NO;
				CLANG_CXX_LANGUAGE_STANDARD = "gnu++0x";
				CLANG_CXX_LIBRARY = "libc++";
				CLANG_ENABLE_MODULES = YES;
				CLANG_ENABLE_OBJC_ARC = YES;
				CLANG_WARN_BOOL_CONVERSION = YES;
				CLANG_WARN_CONSTANT_CONVERSION = YES;
				CLANG_WARN_DIRECT_OBJC_ISA_USAGE = YES_ERROR;
				CLANG_WARN_EMPTY_BODY = YES;
				CLANG_WARN_ENUM_CONVERSION = YES;
				CLANG_WARN_INT_CONVERSION = YES;
				CLANG_WARN_OBJC_ROOT_CLASS = YES_ERROR;
				CLANG_WARN_UNREACHABLE_CODE = YES;
				CLANG_WARN__DUPLICATE_METHOD_MATCH = YES;
				"CODE_SIGN_IDENTITY[sdk=iphoneos*]" = "iPhone Developer";
				COPY_PHASE_STRIP = YES;
				ENABLE_NS_ASSERTIONS = NO;
				ENABLE_STRICT_OBJC_MSGSEND = YES;
				GCC_C_LANGUAGE_STANDARD = gnu99;
				GCC_WARN_64_TO_32_BIT_CONVERSION = YES;
				GCC_WARN_ABOUT_RETURN_TYPE = YES_ERROR;
				GCC_WARN_UNDECLARED_SELECTOR = YES;
				GCC_WARN_UNINITIALIZED_AUTOS = YES_AGGRESSIVE;
				GCC_WARN_UNUSED_FUNCTION = YES;
				GCC_WARN_UNUSED_VARIABLE = YES;
				IPHONEOS_DEPLOYMENT_TARGET = 8.1;
				MTL_ENABLE_DEBUG_INFO = NO;
				SDKROOT = iphoneos;
				TARGETED_DEVICE_FAMILY = "1,2";
				VALIDATE_PRODUCT = YES;
			};
			name = Release;
		};
		B2C0B0161AAD9B2E00C86758 /* Debug */ = {
			isa = XCBuildConfiguration;
			buildSettings = {
				ASSETCATALOG_COMPILER_APPICON_NAME = AppIcon;
				INFOPLIST_FILE = "pod-app/Info.plist";
				LD_RUNPATH_SEARCH_PATHS = "$(inherited) @executable_path/Frameworks";
				PRODUCT_NAME = "$(TARGET_NAME)";
			};
			name = Debug;
		};
		B2C0B0171AAD9B2E00C86758 /* Release */ = {
			isa = XCBuildConfiguration;
			buildSettings = {
				ASSETCATALOG_COMPILER_APPICON_NAME = AppIcon;
				INFOPLIST_FILE = "pod-app/Info.plist";
				LD_RUNPATH_SEARCH_PATHS = "$(inherited) @executable_path/Frameworks";
				PRODUCT_NAME = "$(TARGET_NAME)";
			};
			name = Release;
		};
		B2C0B0191AAD9B2E00C86758 /* Debug */ = {
			isa = XCBuildConfiguration;
			buildSettings = {
				BUNDLE_LOADER = "$(TEST_HOST)";
				FRAMEWORK_SEARCH_PATHS = (
					"$(SDKROOT)/Developer/Library/Frameworks",
					"$(inherited)",
				);
				GCC_PREPROCESSOR_DEFINITIONS = (
					"DEBUG=1",
					"$(inherited)",
				);
				INFOPLIST_FILE = "pod-appTests/Info.plist";
				LD_RUNPATH_SEARCH_PATHS = "$(inherited) @executable_path/Frameworks @loader_path/Frameworks";
				PRODUCT_NAME = "$(TARGET_NAME)";
				TEST_HOST = "$(BUILT_PRODUCTS_DIR)/pod-app.app/pod-app";
			};
			name = Debug;
		};
		B2C0B01A1AAD9B2E00C86758 /* Release */ = {
			isa = XCBuildConfiguration;
			buildSettings = {
				BUNDLE_LOADER = "$(TEST_HOST)";
				FRAMEWORK_SEARCH_PATHS = (
					"$(SDKROOT)/Developer/Library/Frameworks",
					"$(inherited)",
				);
				INFOPLIST_FILE = "pod-appTests/Info.plist";
				LD_RUNPATH_SEARCH_PATHS = "$(inherited) @executable_path/Frameworks @loader_path/Frameworks";
				PRODUCT_NAME = "$(TARGET_NAME)";
				TEST_HOST = "$(BUILT_PRODUCTS_DIR)/pod-app.app/pod-app";
			};
			name = Release;
		};
/* End XCBuildConfiguration section */

/* Begin XCConfigurationList section */
		B2C0AFED1AAD9B2E00C86758 /* Build configuration list for PBXProject "pod-app" */ = {
			isa = XCConfigurationList;
			buildConfigurations = (
				B2C0B0131AAD9B2E00C86758 /* Debug */,
				B2C0B0141AAD9B2E00C86758 /* Release */,
			);
			defaultConfigurationIsVisible = 0;
			defaultConfigurationName = Release;
		};
		B2C0B0151AAD9B2E00C86758 /* Build configuration list for PBXNativeTarget "pod-app" */ = {
			isa = XCConfigurationList;
			buildConfigurations = (
				B2C0B0161AAD9B2E00C86758 /* Debug */,
				B2C0B0171AAD9B2E00C86758 /* Release */,
			);
			defaultConfigurationIsVisible = 0;
		};
		B2C0B0181AAD9B2E00C86758 /* Build configuration list for PBXNativeTarget "pod-appTests" */ = {
			isa = XCConfigurationList;
			buildConfigurations = (
				B2C0B0191AAD9B2E00C86758 /* Debug */,
				B2C0B01A1AAD9B2E00C86758 /* Release */,
			);
			defaultConfigurationIsVisible = 0;
		};
/* End XCConfigurationList section */
	};
	rootObject = B2C0AFEA1AAD9B2E00C86758 /* Project object */;
}
